
Microsoft Visual Studio Solution File, Format Version 12.00
# Visual Studio Version 16
VisualStudioVersion = 16.0.33027.164
MinimumVisualStudioVersion = 10.0.40219.1
Project("{FAE04EC0-301F-11D3-BF4B-00C04F79EFBC}") = "RentaCar", "RentaCar\RentaCar.csproj", "{915F0742-48BE-422A-BF68-F67F2E6F0E95}"
EndProject
Global
	GlobalSection(SolutionConfigurationPlatforms) = preSolution
		Debug|Any CPU = Debug|Any CPU
		Release|Any CPU = Release|Any CPU
	EndGlobalSection
	GlobalSection(ProjectConfigurationPlatforms) = postSolution
		{915F0742-48BE-422A-BF68-F67F2E6F0E95}.Debug|Any CPU.ActiveCfg = Debug|Any CPU
		{915F0742-48BE-422A-BF68-F67F2E6F0E95}.Debug|Any CPU.Build.0 = Debug|Any CPU
		{915F0742-48BE-422A-BF68-F67F2E6F0E95}.Release|Any CPU.ActiveCfg = Release|Any CPU
		{915F0742-48BE-422A-BF68-F67F2E6F0E95}.Release|Any CPU.Build.0 = Release|Any CPU
	EndGlobalSection
	GlobalSection(SolutionProperties) = preSolution
		HideSolutionNode = FALSE
	EndGlobalSection
	GlobalSection(ExtensibilityGlobals) = postSolution
		SolutionGuid = {C566FD01-C6E2-457A-8477-81B8ED2A849E}
	EndGlobalSection
EndGlobal
